// !$*UTF8*$!
{
	archiveVersion = 1;
	classes = {
	};
	objectVersion = 46;
	objects = {

/* Begin PBXBuildFile section */
		0EE3CD4F21F4792100EAB9DD /* slua.c in Sources */ = {isa = PBXBuildFile; fileRef = 0EE3CD4E21F4792100EAB9DD /* slua.c */; };
		0EE3CD5121F480C200EAB9DD /* libslua.a in Frameworks */ = {isa = PBXBuildFile; fileRef = 0EE3CD5021F480C200EAB9DD /* libslua.a */; };
		0EE3CD7C21F4816200EAB9DD /* buffer.c in Sources */ = {isa = PBXBuildFile; fileRef = 0EE3CD5321F4815D00EAB9DD /* buffer.c */; };
		0EE3CD7D21F4816200EAB9DD /* auxiliar.c in Sources */ = {isa = PBXBuildFile; fileRef = 0EE3CD5421F4815D00EAB9DD /* auxiliar.c */; };
		0EE3CD7E21F4816200EAB9DD /* usocket.c in Sources */ = {isa = PBXBuildFile; fileRef = 0EE3CD5521F4815D00EAB9DD /* usocket.c */; };
		0EE3CD8021F4816200EAB9DD /* udp.c in Sources */ = {isa = PBXBuildFile; fileRef = 0EE3CD5921F4815E00EAB9DD /* udp.c */; };
		0EE3CD8221F4816200EAB9DD /* options.c in Sources */ = {isa = PBXBuildFile; fileRef = 0EE3CD5B21F4815E00EAB9DD /* options.c */; };
		0EE3CD8321F4816200EAB9DD /* timeout.c in Sources */ = {isa = PBXBuildFile; fileRef = 0EE3CD5D21F4815E00EAB9DD /* timeout.c */; };
		0EE3CD8421F4816200EAB9DD /* select.c in Sources */ = {isa = PBXBuildFile; fileRef = 0EE3CD5E21F4815E00EAB9DD /* select.c */; };
		0EE3CD8621F4816200EAB9DD /* mime.c in Sources */ = {isa = PBXBuildFile; fileRef = 0EE3CD6221F4815E00EAB9DD /* mime.c */; };
		0EE3CD8821F4816200EAB9DD /* io.c in Sources */ = {isa = PBXBuildFile; fileRef = 0EE3CD6421F4815E00EAB9DD /* io.c */; };
		0EE3CD8A21F4816200EAB9DD /* except.c in Sources */ = {isa = PBXBuildFile; fileRef = 0EE3CD6D21F4815F00EAB9DD /* except.c */; };
		0EE3CD8C21F4816200EAB9DD /* tcp.c in Sources */ = {isa = PBXBuildFile; fileRef = 0EE3CD7521F4816000EAB9DD /* tcp.c */; };
		0EE3CD8E21F4816200EAB9DD /* inet.c in Sources */ = {isa = PBXBuildFile; fileRef = 0EE3CD7721F4816100EAB9DD /* inet.c */; };
		0EE3CD8F21F4816200EAB9DD /* luasocket.c in Sources */ = {isa = PBXBuildFile; fileRef = 0EE3CD7821F4816100EAB9DD /* luasocket.c */; };
		0EE3CD9621F4823000EAB9DD /* lpeg.c in Sources */ = {isa = PBXBuildFile; fileRef = 0EE3CD9421F4823000EAB9DD /* lpeg.c */; };
		0EE3CD9C21F4823B00EAB9DD /* lua_cjson.c in Sources */ = {isa = PBXBuildFile; fileRef = 0EE3CD9721F4823B00EAB9DD /* lua_cjson.c */; };
		0EE3CD9D21F4823B00EAB9DD /* strbuf.c in Sources */ = {isa = PBXBuildFile; fileRef = 0EE3CD9821F4823B00EAB9DD /* strbuf.c */; };
		0EE3CD9E21F4823B00EAB9DD /* fpconv.c in Sources */ = {isa = PBXBuildFile; fileRef = 0EE3CD9A21F4823B00EAB9DD /* fpconv.c */; };
		0EE3CDC721F4827700EAB9DD /* snapshot.c in Sources */ = {isa = PBXBuildFile; fileRef = 0EE3CDC621F4827600EAB9DD /* snapshot.c */; };
		0EE3CDD723A3E08400EAB9DD /* bit.c in Sources */ = {isa = PBXBuildFile; fileRef = 0EE3CDD623A3E08400EAB9DD /* bit.c */; };
		0EE3CDD923A3E08A00EAB9DD /* lkcp.c in Sources */ = {isa = PBXBuildFile; fileRef = 0EE3CDD823A3E08A00EAB9DD /* lkcp.c */; };
		0EE3CDDC23A3E09300EAB9DD /* ikcp.c in Sources */ = {isa = PBXBuildFile; fileRef = 0EE3CDDB23A3E09200EAB9DD /* ikcp.c */; };
		0EE3CDDE23A3E09700EAB9DD /* pb.c in Sources */ = {isa = PBXBuildFile; fileRef = 0EE3CDDD23A3E09700EAB9DD /* pb.c */; };
		7BD5495B23CEE6A5009D3A79 /* lutil.c in Sources */ = {isa = PBXBuildFile; fileRef = 7BD5495A23CEE6A5009D3A79 /* lutil.c */; };
/* End PBXBuildFile section */

/* Begin PBXCopyFilesBuildPhase section */
		8E013A7B1B9CA51E00F248D8 /* CopyFiles */ = {
			isa = PBXCopyFilesBuildPhase;
			buildActionMask = 2147483647;
			dstPath = "include/$(PRODUCT_NAME)";
			dstSubfolderSpec = 16;
			files = (
			);
			runOnlyForDeploymentPostprocessing = 0;
		};
/* End PBXCopyFilesBuildPhase section */

/* Begin PBXFileReference section */
		0EE3CD4E21F4792100EAB9DD /* slua.c */ = {isa = PBXFileReference; fileEncoding = 4; lastKnownFileType = sourcecode.c.c; name = slua.c; path = ../slua.c; sourceTree = "<group>"; };
		0EE3CD5021F480C200EAB9DD /* libslua.a */ = {isa = PBXFileReference; lastKnownFileType = archive.ar; path = libslua.a; sourceTree = "<group>"; };
		0EE3CD5321F4815D00EAB9DD /* buffer.c */ = {isa = PBXFileReference; fileEncoding = 4; lastKnownFileType = sourcecode.c.c; name = buffer.c; path = ../luasocket/buffer.c; sourceTree = "<group>"; };
		0EE3CD5421F4815D00EAB9DD /* auxiliar.c */ = {isa = PBXFileReference; fileEncoding = 4; lastKnownFileType = sourcecode.c.c; name = auxiliar.c; path = ../luasocket/auxiliar.c; sourceTree = "<group>"; };
		0EE3CD5521F4815D00EAB9DD /* usocket.c */ = {isa = PBXFileReference; fileEncoding = 4; lastKnownFileType = sourcecode.c.c; name = usocket.c; path = ../luasocket/usocket.c; sourceTree = "<group>"; };
		0EE3CD5721F4815E00EAB9DD /* udp.h */ = {isa = PBXFileReference; fileEncoding = 4; lastKnownFileType = sourcecode.c.h; name = udp.h; path = ../luasocket/udp.h; sourceTree = "<group>"; };
		0EE3CD5821F4815E00EAB9DD /* tcp.h */ = {isa = PBXFileReference; fileEncoding = 4; lastKnownFileType = sourcecode.c.h; name = tcp.h; path = ../luasocket/tcp.h; sourceTree = "<group>"; };
		0EE3CD5921F4815E00EAB9DD /* udp.c */ = {isa = PBXFileReference; fileEncoding = 4; lastKnownFileType = sourcecode.c.c; name = udp.c; path = ../luasocket/udp.c; sourceTree = "<group>"; };
		0EE3CD5B21F4815E00EAB9DD /* options.c */ = {isa = PBXFileReference; fileEncoding = 4; lastKnownFileType = sourcecode.c.c; name = options.c; path = ../luasocket/options.c; sourceTree = "<group>"; };
		0EE3CD5C21F4815E00EAB9DD /* except.h */ = {isa = PBXFileReference; fileEncoding = 4; lastKnownFileType = sourcecode.c.h; name = except.h; path = ../luasocket/except.h; sourceTree = "<group>"; };
		0EE3CD5D21F4815E00EAB9DD /* timeout.c */ = {isa = PBXFileReference; fileEncoding = 4; lastKnownFileType = sourcecode.c.c; name = timeout.c; path = ../luasocket/timeout.c; sourceTree = "<group>"; };
		0EE3CD5E21F4815E00EAB9DD /* select.c */ = {isa = PBXFileReference; fileEncoding = 4; lastKnownFileType = sourcecode.c.c; name = select.c; path = ../luasocket/select.c; sourceTree = "<group>"; };
		0EE3CD6021F4815E00EAB9DD /* select.h */ = {isa = PBXFileReference; fileEncoding = 4; lastKnownFileType = sourcecode.c.h; name = select.h; path = ../luasocket/select.h; sourceTree = "<group>"; };
		0EE3CD6121F4815E00EAB9DD /* auxiliar.h */ = {isa = PBXFileReference; fileEncoding = 4; lastKnownFileType = sourcecode.c.h; name = auxiliar.h; path = ../luasocket/auxiliar.h; sourceTree = "<group>"; };
		0EE3CD6221F4815E00EAB9DD /* mime.c */ = {isa = PBXFileReference; fileEncoding = 4; lastKnownFileType = sourcecode.c.c; name = mime.c; path = ../luasocket/mime.c; sourceTree = "<group>"; };
		0EE3CD6421F4815E00EAB9DD /* io.c */ = {isa = PBXFileReference; fileEncoding = 4; lastKnownFileType = sourcecode.c.c; name = io.c; path = ../luasocket/io.c; sourceTree = "<group>"; };
		0EE3CD6521F4815E00EAB9DD /* io.h */ = {isa = PBXFileReference; fileEncoding = 4; lastKnownFileType = sourcecode.c.h; name = io.h; path = ../luasocket/io.h; sourceTree = "<group>"; };
		0EE3CD6A21F4815E00EAB9DD /* inet.h */ = {isa = PBXFileReference; fileEncoding = 4; lastKnownFileType = sourcecode.c.h; name = inet.h; path = ../luasocket/inet.h; sourceTree = "<group>"; };
		0EE3CD6B21F4815F00EAB9DD /* luasocket.h */ = {isa = PBXFileReference; fileEncoding = 4; lastKnownFileType = sourcecode.c.h; name = luasocket.h; path = ../luasocket/luasocket.h; sourceTree = "<group>"; };
		0EE3CD6C21F4815F00EAB9DD /* buffer.h */ = {isa = PBXFileReference; fileEncoding = 4; lastKnownFileType = sourcecode.c.h; name = buffer.h; path = ../luasocket/buffer.h; sourceTree = "<group>"; };
		0EE3CD6D21F4815F00EAB9DD /* except.c */ = {isa = PBXFileReference; fileEncoding = 4; lastKnownFileType = sourcecode.c.c; name = except.c; path = ../luasocket/except.c; sourceTree = "<group>"; };
		0EE3CD6E21F4815F00EAB9DD /* mime.h */ = {isa = PBXFileReference; fileEncoding = 4; lastKnownFileType = sourcecode.c.h; name = mime.h; path = ../luasocket/mime.h; sourceTree = "<group>"; };
		0EE3CD7221F4816000EAB9DD /* usocket.h */ = {isa = PBXFileReference; fileEncoding = 4; lastKnownFileType = sourcecode.c.h; name = usocket.h; path = ../luasocket/usocket.h; sourceTree = "<group>"; };
		0EE3CD7421F4816000EAB9DD /* socket.h */ = {isa = PBXFileReference; fileEncoding = 4; lastKnownFileType = sourcecode.c.h; name = socket.h; path = ../luasocket/socket.h; sourceTree = "<group>"; };
		0EE3CD7521F4816000EAB9DD /* tcp.c */ = {isa = PBXFileReference; fileEncoding = 4; lastKnownFileType = sourcecode.c.c; name = tcp.c; path = ../luasocket/tcp.c; sourceTree = "<group>"; };
		0EE3CD7721F4816100EAB9DD /* inet.c */ = {isa = PBXFileReference; fileEncoding = 4; lastKnownFileType = sourcecode.c.c; name = inet.c; path = ../luasocket/inet.c; sourceTree = "<group>"; };
		0EE3CD7821F4816100EAB9DD /* luasocket.c */ = {isa = PBXFileReference; fileEncoding = 4; lastKnownFileType = sourcecode.c.c; name = luasocket.c; path = ../luasocket/luasocket.c; sourceTree = "<group>"; };
		0EE3CD7921F4816200EAB9DD /* timeout.h */ = {isa = PBXFileReference; fileEncoding = 4; lastKnownFileType = sourcecode.c.h; name = timeout.h; path = ../luasocket/timeout.h; sourceTree = "<group>"; };
		0EE3CD7A21F4816200EAB9DD /* options.h */ = {isa = PBXFileReference; fileEncoding = 4; lastKnownFileType = sourcecode.c.h; name = options.h; path = ../luasocket/options.h; sourceTree = "<group>"; };
		0EE3CD9421F4823000EAB9DD /* lpeg.c */ = {isa = PBXFileReference; fileEncoding = 4; lastKnownFileType = sourcecode.c.c; name = lpeg.c; path = ../lpeg.c; sourceTree = "<group>"; };
		0EE3CD9521F4823000EAB9DD /* lpeg.h */ = {isa = PBXFileReference; fileEncoding = 4; lastKnownFileType = sourcecode.c.h; name = lpeg.h; path = ../lpeg.h; sourceTree = "<group>"; };
		0EE3CD9721F4823B00EAB9DD /* lua_cjson.c */ = {isa = PBXFileReference; fileEncoding = 4; lastKnownFileType = sourcecode.c.c; name = lua_cjson.c; path = ../cjson/lua_cjson.c; sourceTree = "<group>"; };
		0EE3CD9821F4823B00EAB9DD /* strbuf.c */ = {isa = PBXFileReference; fileEncoding = 4; lastKnownFileType = sourcecode.c.c; name = strbuf.c; path = ../cjson/strbuf.c; sourceTree = "<group>"; };
		0EE3CD9921F4823B00EAB9DD /* fpconv.h */ = {isa = PBXFileReference; fileEncoding = 4; lastKnownFileType = sourcecode.c.h; name = fpconv.h; path = ../cjson/fpconv.h; sourceTree = "<group>"; };
		0EE3CD9A21F4823B00EAB9DD /* fpconv.c */ = {isa = PBXFileReference; fileEncoding = 4; lastKnownFileType = sourcecode.c.c; name = fpconv.c; path = ../cjson/fpconv.c; sourceTree = "<group>"; };
		0EE3CD9B21F4823B00EAB9DD /* strbuf.h */ = {isa = PBXFileReference; fileEncoding = 4; lastKnownFileType = sourcecode.c.h; name = strbuf.h; path = ../cjson/strbuf.h; sourceTree = "<group>"; };
		0EE3CDC621F4827600EAB9DD /* snapshot.c */ = {isa = PBXFileReference; fileEncoding = 4; lastKnownFileType = sourcecode.c.c; name = snapshot.c; path = ../snapshot.c; sourceTree = "<group>"; };
		0EE3CDD623A3E08400EAB9DD /* bit.c */ = {isa = PBXFileReference; fileEncoding = 4; lastKnownFileType = sourcecode.c.c; name = bit.c; path = ../bit.c; sourceTree = "<group>"; };
		0EE3CDD823A3E08A00EAB9DD /* lkcp.c */ = {isa = PBXFileReference; fileEncoding = 4; lastKnownFileType = sourcecode.c.c; name = lkcp.c; path = ../lkcp.c; sourceTree = "<group>"; };
		0EE3CDDA23A3E08E00EAB9DD /* ikcp.h */ = {isa = PBXFileReference; lastKnownFileType = sourcecode.c.h; name = ikcp.h; path = ../ikcp.h; sourceTree = "<group>"; };
		0EE3CDDB23A3E09200EAB9DD /* ikcp.c */ = {isa = PBXFileReference; fileEncoding = 4; lastKnownFileType = sourcecode.c.c; name = ikcp.c; path = ../ikcp.c; sourceTree = "<group>"; };
		0EE3CDDD23A3E09700EAB9DD /* pb.c */ = {isa = PBXFileReference; fileEncoding = 4; lastKnownFileType = sourcecode.c.c; name = pb.c; path = ../pb.c; sourceTree = "<group>"; };
		0EE3CDDF23A3E09B00EAB9DD /* pb.h */ = {isa = PBXFileReference; lastKnownFileType = sourcecode.c.h; name = pb.h; path = ../pb.h; sourceTree = "<group>"; };
		7BD5495A23CEE6A5009D3A79 /* lutil.c */ = {isa = PBXFileReference; fileEncoding = 4; lastKnownFileType = sourcecode.c.c; name = lutil.c; path = ../lutil.c; sourceTree = "<group>"; };
		8E013A7D1B9CA51E00F248D8 /* libslua.a */ = {isa = PBXFileReference; explicitFileType = archive.ar; includeInIndex = 0; path = libslua.a; sourceTree = BUILT_PRODUCTS_DIR; };
/* End PBXFileReference section */

/* Begin PBXFrameworksBuildPhase section */
		8E013A7A1B9CA51E00F248D8 /* Frameworks */ = {
			isa = PBXFrameworksBuildPhase;
			buildActionMask = 2147483647;
			files = (
				0EE3CD5121F480C200EAB9DD /* libslua.a in Frameworks */,
			);
			runOnlyForDeploymentPostprocessing = 0;
		};
/* End PBXFrameworksBuildPhase section */

/* Begin PBXGroup section */
		0EE3CD5221F4814D00EAB9DD /* luasocket */ = {
			isa = PBXGroup;
			children = (
				0EE3CD5421F4815D00EAB9DD /* auxiliar.c */,
				0EE3CD6121F4815E00EAB9DD /* auxiliar.h */,
				0EE3CD5321F4815D00EAB9DD /* buffer.c */,
				0EE3CD6C21F4815F00EAB9DD /* buffer.h */,
				0EE3CD6D21F4815F00EAB9DD /* except.c */,
				0EE3CD5C21F4815E00EAB9DD /* except.h */,
				0EE3CD7721F4816100EAB9DD /* inet.c */,
				0EE3CD6A21F4815E00EAB9DD /* inet.h */,
				0EE3CD6421F4815E00EAB9DD /* io.c */,
				0EE3CD6521F4815E00EAB9DD /* io.h */,
				0EE3CD7821F4816100EAB9DD /* luasocket.c */,
				0EE3CD6B21F4815F00EAB9DD /* luasocket.h */,
				0EE3CD6221F4815E00EAB9DD /* mime.c */,
				0EE3CD6E21F4815F00EAB9DD /* mime.h */,
				0EE3CD5B21F4815E00EAB9DD /* options.c */,
				0EE3CD7A21F4816200EAB9DD /* options.h */,
				0EE3CD5E21F4815E00EAB9DD /* select.c */,
				0EE3CD6021F4815E00EAB9DD /* select.h */,
				0EE3CD7421F4816000EAB9DD /* socket.h */,
				0EE3CD7521F4816000EAB9DD /* tcp.c */,
				0EE3CD5821F4815E00EAB9DD /* tcp.h */,
				0EE3CD5D21F4815E00EAB9DD /* timeout.c */,
				0EE3CD7921F4816200EAB9DD /* timeout.h */,
				0EE3CD5921F4815E00EAB9DD /* udp.c */,
				0EE3CD5721F4815E00EAB9DD /* udp.h */,
				0EE3CD5521F4815D00EAB9DD /* usocket.c */,
				0EE3CD7221F4816000EAB9DD /* usocket.h */,
			);
			name = luasocket;
			sourceTree = "<group>";
		};
		0EE3CD9021F4820100EAB9DD /* misc */ = {
			isa = PBXGroup;
			children = (
				0EE3CDC621F4827600EAB9DD /* snapshot.c */,
			);
			name = misc;
			sourceTree = "<group>";
		};
		0EE3CD9221F4820E00EAB9DD /* cjson */ = {
			isa = PBXGroup;
			children = (
				0EE3CD9A21F4823B00EAB9DD /* fpconv.c */,
				0EE3CD9921F4823B00EAB9DD /* fpconv.h */,
				0EE3CD9721F4823B00EAB9DD /* lua_cjson.c */,
				0EE3CD9821F4823B00EAB9DD /* strbuf.c */,
				0EE3CD9B21F4823B00EAB9DD /* strbuf.h */,
			);
			name = cjson;
			sourceTree = "<group>";
		};
		0EE3CD9321F4821500EAB9DD /* lpeg */ = {
			isa = PBXGroup;
			children = (
				0EE3CD9421F4823000EAB9DD /* lpeg.c */,
				0EE3CD9521F4823000EAB9DD /* lpeg.h */,
			);
			name = lpeg;
			sourceTree = "<group>";
		};
		8E013A741B9CA51E00F248D8 = {
			isa = PBXGroup;
			children = (
				7BD5495A23CEE6A5009D3A79 /* lutil.c */,
				0EE3CDD623A3E08400EAB9DD /* bit.c */,
				0EE3CDD823A3E08A00EAB9DD /* lkcp.c */,
				0EE3CDDB23A3E09200EAB9DD /* ikcp.c */,
				0EE3CDDA23A3E08E00EAB9DD /* ikcp.h */,
				0EE3CDDD23A3E09700EAB9DD /* pb.c */,
				0EE3CDDF23A3E09B00EAB9DD /* pb.h */,
				0EE3CD9321F4821500EAB9DD /* lpeg */,
				0EE3CD9221F4820E00EAB9DD /* cjson */,
				0EE3CD9021F4820100EAB9DD /* misc */,
				0EE3CD5221F4814D00EAB9DD /* luasocket */,
				0EE3CD5021F480C200EAB9DD /* libslua.a */,
				0EE3CD4E21F4792100EAB9DD /* slua.c */,
				8E013A7E1B9CA51E00F248D8 /* Products */,
			);
			sourceTree = "<group>";
		};
		8E013A7E1B9CA51E00F248D8 /* Products */ = {
			isa = PBXGroup;
			children = (
				8E013A7D1B9CA51E00F248D8 /* libslua.a */,
			);
			name = Products;
			sourceTree = "<group>";
		};
/* End PBXGroup section */

/* Begin PBXNativeTarget section */
		8E013A7C1B9CA51E00F248D8 /* slua */ = {
			isa = PBXNativeTarget;
			buildConfigurationList = 8E013A911B9CA51E00F248D8 /* Build configuration list for PBXNativeTarget "slua" */;
			buildPhases = (
				8E013A791B9CA51E00F248D8 /* Sources */,
				8E013A7A1B9CA51E00F248D8 /* Frameworks */,
				8E013A7B1B9CA51E00F248D8 /* CopyFiles */,
			);
			buildRules = (
			);
			dependencies = (
			);
			name = slua;
			productName = slua;
			productReference = 8E013A7D1B9CA51E00F248D8 /* libslua.a */;
			productType = "com.apple.product-type.library.static";
		};
/* End PBXNativeTarget section */

/* Begin PBXProject section */
		8E013A751B9CA51E00F248D8 /* Project object */ = {
			isa = PBXProject;
			attributes = {
				LastUpgradeCheck = 0640;
				ORGANIZATIONNAME = ForeverNo.2;
				TargetAttributes = {
					8E013A7C1B9CA51E00F248D8 = {
						CreatedOnToolsVersion = 6.4;
					};
				};
			};
			buildConfigurationList = 8E013A781B9CA51E00F248D8 /* Build configuration list for PBXProject "slua" */;
			compatibilityVersion = "Xcode 3.2";
			developmentRegion = English;
			hasScannedForEncodings = 0;
			knownRegions = (
				en,
			);
			mainGroup = 8E013A741B9CA51E00F248D8;
			productRefGroup = 8E013A7E1B9CA51E00F248D8 /* Products */;
			projectDirPath = "";
			projectRoot = "";
			targets = (
				8E013A7C1B9CA51E00F248D8 /* slua */,
			);
		};
/* End PBXProject section */

/* Begin PBXSourcesBuildPhase section */
		8E013A791B9CA51E00F248D8 /* Sources */ = {
			isa = PBXSourcesBuildPhase;
			buildActionMask = 2147483647;
			files = (
				0EE3CD7E21F4816200EAB9DD /* usocket.c in Sources */,
				0EE3CD7D21F4816200EAB9DD /* auxiliar.c in Sources */,
				0EE3CD8A21F4816200EAB9DD /* except.c in Sources */,
				0EE3CDD923A3E08A00EAB9DD /* lkcp.c in Sources */,
				0EE3CD8C21F4816200EAB9DD /* tcp.c in Sources */,
				0EE3CDDE23A3E09700EAB9DD /* pb.c in Sources */,
				0EE3CD4F21F4792100EAB9DD /* slua.c in Sources */,
				0EE3CD8F21F4816200EAB9DD /* luasocket.c in Sources */,
				0EE3CDDC23A3E09300EAB9DD /* ikcp.c in Sources */,
				0EE3CD8021F4816200EAB9DD /* udp.c in Sources */,
				0EE3CD8621F4816200EAB9DD /* mime.c in Sources */,
				0EE3CD8221F4816200EAB9DD /* options.c in Sources */,
				0EE3CDD723A3E08400EAB9DD /* bit.c in Sources */,
				0EE3CD9E21F4823B00EAB9DD /* fpconv.c in Sources */,
				0EE3CD8421F4816200EAB9DD /* select.c in Sources */,
				0EE3CD9C21F4823B00EAB9DD /* lua_cjson.c in Sources */,
				0EE3CD9621F4823000EAB9DD /* lpeg.c in Sources */,
				0EE3CD8E21F4816200EAB9DD /* inet.c in Sources */,
				7BD5495B23CEE6A5009D3A79 /* lutil.c in Sources */,
				0EE3CD7C21F4816200EAB9DD /* buffer.c in Sources */,
				0EE3CD8321F4816200EAB9DD /* timeout.c in Sources */,
				0EE3CD9D21F4823B00EAB9DD /* strbuf.c in Sources */,
				0EE3CD8821F4816200EAB9DD /* io.c in Sources */,
				0EE3CDC721F4827700EAB9DD /* snapshot.c in Sources */,
			);
			runOnlyForDeploymentPostprocessing = 0;
		};
/* End PBXSourcesBuildPhase section */

/* Begin XCBuildConfiguration section */
		8E013A8F1B9CA51E00F248D8 /* Debug */ = {
			isa = XCBuildConfiguration;
			buildSettings = {
				ALWAYS_SEARCH_USER_PATHS = NO;
				CLANG_CXX_LANGUAGE_STANDARD = "gnu++0x";
				CLANG_CXX_LIBRARY = "libc++";
				CLANG_ENABLE_MODULES = YES;
				CLANG_ENABLE_OBJC_ARC = YES;
				CLANG_WARN_BOOL_CONVERSION = YES;
				CLANG_WARN_CONSTANT_CONVERSION = YES;
				CLANG_WARN_DIRECT_OBJC_ISA_USAGE = YES_ERROR;
				CLANG_WARN_EMPTY_BODY = YES;
				CLANG_WARN_ENUM_CONVERSION = YES;
				CLANG_WARN_INT_CONVERSION = YES;
				CLANG_WARN_OBJC_ROOT_CLASS = YES_ERROR;
				CLANG_WARN_UNREACHABLE_CODE = YES;
				CLANG_WARN__DUPLICATE_METHOD_MATCH = YES;
				COPY_PHASE_STRIP = NO;
				DEBUG_INFORMATION_FORMAT = "dwarf-with-dsym";
				ENABLE_STRICT_OBJC_MSGSEND = YES;
				GCC_C_LANGUAGE_STANDARD = gnu99;
				GCC_DYNAMIC_NO_PIC = NO;
				GCC_NO_COMMON_BLOCKS = YES;
				GCC_OPTIMIZATION_LEVEL = 0;
				GCC_PREPROCESSOR_DEFINITIONS = (
					"DEBUG=1",
					"$(inherited)",
				);
				GCC_SYMBOLS_PRIVATE_EXTERN = NO;
				GCC_WARN_64_TO_32_BIT_CONVERSION = YES;
				GCC_WARN_ABOUT_RETURN_TYPE = YES_ERROR;
				GCC_WARN_UNDECLARED_SELECTOR = YES;
				GCC_WARN_UNINITIALIZED_AUTOS = YES_AGGRESSIVE;
				GCC_WARN_UNUSED_FUNCTION = YES;
				GCC_WARN_UNUSED_VARIABLE = YES;
				IPHONEOS_DEPLOYMENT_TARGET = 8.4;
				MTL_ENABLE_DEBUG_INFO = YES;
				ONLY_ACTIVE_ARCH = YES;
				SDKROOT = iphoneos;
			};
			name = Debug;
		};
		8E013A901B9CA51E00F248D8 /* Release */ = {
			isa = XCBuildConfiguration;
			buildSettings = {
				ALWAYS_SEARCH_USER_PATHS = NO;
				CLANG_CXX_LANGUAGE_STANDARD = "gnu++0x";
				CLANG_CXX_LIBRARY = "libc++";
				CLANG_ENABLE_MODULES = YES;
				CLANG_ENABLE_OBJC_ARC = YES;
				CLANG_WARN_BOOL_CONVERSION = YES;
				CLANG_WARN_CONSTANT_CONVERSION = YES;
				CLANG_WARN_DIRECT_OBJC_ISA_USAGE = YES_ERROR;
				CLANG_WARN_EMPTY_BODY = YES;
				CLANG_WARN_ENUM_CONVERSION = YES;
				CLANG_WARN_INT_CONVERSION = YES;
				CLANG_WARN_OBJC_ROOT_CLASS = YES_ERROR;
				CLANG_WARN_UNREACHABLE_CODE = YES;
				CLANG_WARN__DUPLICATE_METHOD_MATCH = YES;
				COPY_PHASE_STRIP = NO;
				DEBUG_INFORMATION_FORMAT = "dwarf-with-dsym";
				ENABLE_NS_ASSERTIONS = NO;
				ENABLE_STRICT_OBJC_MSGSEND = YES;
				GCC_C_LANGUAGE_STANDARD = gnu99;
				GCC_NO_COMMON_BLOCKS = YES;
				GCC_WARN_64_TO_32_BIT_CONVERSION = YES;
				GCC_WARN_ABOUT_RETURN_TYPE = YES_ERROR;
				GCC_WARN_UNDECLARED_SELECTOR = YES;
				GCC_WARN_UNINITIALIZED_AUTOS = YES_AGGRESSIVE;
				GCC_WARN_UNUSED_FUNCTION = YES;
				GCC_WARN_UNUSED_VARIABLE = YES;
				IPHONEOS_DEPLOYMENT_TARGET = 8.4;
				MTL_ENABLE_DEBUG_INFO = NO;
				SDKROOT = iphoneos;
				VALIDATE_PRODUCT = YES;
			};
			name = Release;
		};
		8E013A921B9CA51E00F248D8 /* Debug */ = {
			isa = XCBuildConfiguration;
			buildSettings = {
				HEADER_SEARCH_PATHS = (
					"$(inherited)",
					/Applications/Xcode.app/Contents/Developer/Toolchains/XcodeDefault.xctoolchain/usr/include,
					"$(PROJECT_DIR)/../.luajit-2.1.0-beta3/pbc/",
					"$(PROJECT_DIR)/../luajit-2.1.0-beta3/src",
				);
				LIBRARY_SEARCH_PATHS = (
					"$(inherited)",
					"$(PROJECT_DIR)",
				);
				ONLY_ACTIVE_ARCH = NO;
				OTHER_LDFLAGS = "-ObjC";
				PRODUCT_NAME = "$(TARGET_NAME)";
				SKIP_INSTALL = YES;
			};
			name = Debug;
		};
		8E013A931B9CA51E00F248D8 /* Release */ = {
			isa = XCBuildConfiguration;
			buildSettings = {
				HEADER_SEARCH_PATHS = (
					"$(inherited)",
					/Applications/Xcode.app/Contents/Developer/Toolchains/XcodeDefault.xctoolchain/usr/include,
					"$(PROJECT_DIR)/../.luajit-2.1.0-beta3/pbc/",
					"$(PROJECT_DIR)/../luajit-2.1.0-beta3/src",
				);
				LIBRARY_SEARCH_PATHS = (
					"$(inherited)",
					"$(PROJECT_DIR)",
				);
				ONLY_ACTIVE_ARCH = NO;
				OTHER_LDFLAGS = "-ObjC";
				PRODUCT_NAME = "$(TARGET_NAME)";
				SKIP_INSTALL = YES;
			};
			name = Release;
		};
/* End XCBuildConfiguration section */

/* Begin XCConfigurationList section */
		8E013A781B9CA51E00F248D8 /* Build configuration list for PBXProject "slua" */ = {
			isa = XCConfigurationList;
			buildConfigurations = (
				8E013A8F1B9CA51E00F248D8 /* Debug */,
				8E013A901B9CA51E00F248D8 /* Release */,
			);
			defaultConfigurationIsVisible = 0;
			defaultConfigurationName = Release;
		};
		8E013A911B9CA51E00F248D8 /* Build configuration list for PBXNativeTarget "slua" */ = {
			isa = XCConfigurationList;
			buildConfigurations = (
				8E013A921B9CA51E00F248D8 /* Debug */,
				8E013A931B9CA51E00F248D8 /* Release */,
			);
			defaultConfigurationIsVisible = 0;
			defaultConfigurationName = Release;
		};
/* End XCConfigurationList section */
	};
	rootObject = 8E013A751B9CA51E00F248D8 /* Project object */;
}
